
Microsoft Visual Studio Solution File, Format Version 12.00
# Visual Studio Version 16
VisualStudioVersion = 16.0.30204.135
MinimumVisualStudioVersion = 10.0.40219.1
Project("{FAE04EC0-301F-11D3-BF4B-00C04F79EFBC}") = "LogFileParser.Core", "LogFileParser.Core\LogFileParser.Core.csproj", "{46F3A2F4-E2CF-4AF6-9A2F-B6273582184D}"
EndProject
Project("{FAE04EC0-301F-11D3-BF4B-00C04F79EFBC}") = "LogFileParser.Core.Tests", "LogFileParser.Core.Tests\LogFileParser.Core.Tests.csproj", "{6721B2AC-5C55-4421-B40E-06F8DB20D86A}"
EndProject
Project("{FAE04EC0-301F-11D3-BF4B-00C04F79EFBC}") = "LogFileParser.ConsoleUI", "LogFileParser.ConsoleUI\LogFileParser.ConsoleUI.csproj", "{E5588BB3-5991-40E7-96BE-37026E28DFF3}"
EndProject
Global
	GlobalSection(SolutionConfigurationPlatforms) = preSolution
		Debug|Any CPU = Debug|Any CPU
		Release|Any CPU = Release|Any CPU
	EndGlobalSection
	GlobalSection(ProjectConfigurationPlatforms) = postSolution
		{46F3A2F4-E2CF-4AF6-9A2F-B6273582184D}.Debug|Any CPU.ActiveCfg = Debug|Any CPU
		{46F3A2F4-E2CF-4AF6-9A2F-B6273582184D}.Debug|Any CPU.Build.0 = Debug|Any CPU
		{46F3A2F4-E2CF-4AF6-9A2F-B6273582184D}.Release|Any CPU.ActiveCfg = Release|Any CPU
		{46F3A2F4-E2CF-4AF6-9A2F-B6273582184D}.Release|Any CPU.Build.0 = Release|Any CPU
		{6721B2AC-5C55-4421-B40E-06F8DB20D86A}.Debug|Any CPU.ActiveCfg = Debug|Any CPU
		{6721B2AC-5C55-4421-B40E-06F8DB20D86A}.Debug|Any CPU.Build.0 = Debug|Any CPU
		{6721B2AC-5C55-4421-B40E-06F8DB20D86A}.Release|Any CPU.ActiveCfg = Release|Any CPU
		{6721B2AC-5C55-4421-B40E-06F8DB20D86A}.Release|Any CPU.Build.0 = Release|Any CPU
		{E5588BB3-5991-40E7-96BE-37026E28DFF3}.Debug|Any CPU.ActiveCfg = Debug|Any CPU
		{E5588BB3-5991-40E7-96BE-37026E28DFF3}.Debug|Any CPU.Build.0 = Debug|Any CPU
		{E5588BB3-5991-40E7-96BE-37026E28DFF3}.Release|Any CPU.ActiveCfg = Release|Any CPU
		{E5588BB3-5991-40E7-96BE-37026E28DFF3}.Release|Any CPU.Build.0 = Release|Any CPU
	EndGlobalSection
	GlobalSection(SolutionProperties) = preSolution
		HideSolutionNode = FALSE
	EndGlobalSection
	GlobalSection(ExtensibilityGlobals) = postSolution
		SolutionGuid = {37DD733C-6A1D-4D68-9D35-1A8C13351787}
	EndGlobalSection
EndGlobal
